{
    "_meta": {
        "hash": {
            "sha256": "d4bdac80901155434de78cd18d90b2cbb5871fa4d2782254f3af8c1ee609c19a"
        },
        "pipfile-spec": 6,
        "requires": {
            "python_version": "3.9"
        },
        "sources": [
            {
                "name": "pypi",
                "url": "https://pypi.org/simple",
                "verify_ssl": true
            }
        ]
    },
    "default": {
        "pickle5": {
            "hashes": [
                "sha256:7e013be68ba7dde1de5a8dbcc241f201dab1126e326715916ce4a26c27919ffc"
            ],
            "index": "pypi",
            "version": "==0.0.11"
        }
    },
    "develop": {}
}
